
Microsoft Visual Studio Solution File, Format Version 12.00
# Visual Studio Version 17
VisualStudioVersion = 17.4.33213.308
MinimumVisualStudioVersion = 10.0.40219.1
Project("{9A19103F-16F7-4668-BE54-9A1E7A4F7556}") = "POS", "POS\POS.csproj", "{11E0CDF7-3A40-4FD9-9E39-3FF0AF1BC18E}"
EndProject
Project("{9A19103F-16F7-4668-BE54-9A1E7A4F7556}") = "POS.Tests", "POS.Tests\POS.Tests.csproj", "{8756F787-9414-451F-9606-26D9031DEB4D}"
EndProject
Global
	GlobalSection(SolutionConfigurationPlatforms) = preSolution
		Debug|Any CPU = Debug|Any CPU
		Release|Any CPU = Release|Any CPU
	EndGlobalSection
	GlobalSection(ProjectConfigurationPlatforms) = postSolution
		{11E0CDF7-3A40-4FD9-9E39-3FF0AF1BC18E}.Debug|Any CPU.ActiveCfg = Debug|Any CPU
		{11E0CDF7-3A40-4FD9-9E39-3FF0AF1BC18E}.Debug|Any CPU.Build.0 = Debug|Any CPU
		{11E0CDF7-3A40-4FD9-9E39-3FF0AF1BC18E}.Release|Any CPU.ActiveCfg = Release|Any CPU
		{11E0CDF7-3A40-4FD9-9E39-3FF0AF1BC18E}.Release|Any CPU.Build.0 = Release|Any CPU
		{8756F787-9414-451F-9606-26D9031DEB4D}.Debug|Any CPU.ActiveCfg = Debug|Any CPU
		{8756F787-9414-451F-9606-26D9031DEB4D}.Debug|Any CPU.Build.0 = Debug|Any CPU
		{8756F787-9414-451F-9606-26D9031DEB4D}.Release|Any CPU.ActiveCfg = Release|Any CPU
		{8756F787-9414-451F-9606-26D9031DEB4D}.Release|Any CPU.Build.0 = Release|Any CPU
	EndGlobalSection
	GlobalSection(SolutionProperties) = preSolution
		HideSolutionNode = FALSE
	EndGlobalSection
	GlobalSection(ExtensibilityGlobals) = postSolution
		SolutionGuid = {FBDD8029-DE30-43AB-95D2-43B22EC2F4D8}
	EndGlobalSection
EndGlobal
